lock_version: "1.0"
scenario_id: "code-review"
generated_at: "2026-04-23T00:00:00Z"

dependencies:
  - asset: "agents/senior-engineer.role.md"
    version: "1.0.0"
    checksum: "sha256:pending"
  - asset: "agents/senior-engineer.config.yaml"
    version: "1.0.0"
    checksum: "sha256:pending"

  - asset: "skills/diff-parser.yaml"
    version: "1.0.0"
    checksum: "sha256:pending"
  - asset: "skills/security-audit.yaml"
    version: "1.0.0"
    checksum: "sha256:pending"
  - asset: "skills/report-merger.yaml"
    version: "1.0.0"
    checksum: "sha256:pending"
  - asset: "skills/notification.yaml"
    version: "1.0.0"
    checksum: "sha256:pending"
  - asset: "skills/trace-archiver.yaml"
    version: "1.0.0"
    checksum: "sha256:pending"

  - asset: "prompts/code-review/v1.md"
    version: "1.0.0"
    checksum: "sha256:pending"

  - asset: "instructions/system/code-review-system.md"
    version: "1.0.0"
    checksum: "sha256:pending"
  - asset: "instructions/safety/data-privacy.md"
    version: "1.0.0"
    checksum: "sha256:pending"
  - asset: "instructions/safety/no-secrets-leak.md"
    version: "1.0.0"
    checksum: "sha256:pending"

  - asset: "evaluations/code-review-checkpoint.yaml"
    version: "1.0.0"
    checksum: "sha256:pending"
  - asset: "evaluations/quality-rubric.yaml"
    version: "1.0.0"
    checksum: "sha256:pending"

# 注：checksum 在实际发布前通过 scripts/generate-lock.py 计算填充
