scenario_id: "deployment-pipeline"
version: "1.0.0"
generated_at: "2025-01-01T00:00:00Z"

dependencies:
  agents:
    - ref: "agents/devops-engineer"
      files:
        - "agents/devops-engineer.role.md"
        - "agents/devops-engineer.config.yaml"
      checksum:
        role: "tuv345"
        config: "wxy678"

  prompts:
    - ref: "prompts/deployment-pipeline/v1.md"
      checksum: "zab901"

  skills:
    - ref: "skills/deploy-config-generator.yaml"
      checksum: "cde234"
    - ref: "skills/security-audit.yaml"
      checksum: "mno345"
    - ref: "skills/report-merger.yaml"
      checksum: "pqr678"
    - ref: "skills/notification.yaml"
      checksum: "stu901"
    - ref: "skills/trace-archiver.yaml"
      checksum: "vwx234"

  instructions:
    - ref: "instructions/system/deployment-system.md"
      checksum: "nop456"
    - ref: "instructions/safety/data-privacy.md"
      checksum: "cde890"
    - ref: "instructions/safety/no-secrets-leak.md"
      checksum: "fgh123"

  evaluations:
    - ref: "evaluations/deployment-checkpoint.yaml"
      checksum: "ghi567"

schemas:
  input: "schemas/deployment-pipeline-input.json"
  output: "schemas/deployment-pipeline-output.json"
