scenario_id: "health-monitoring"
version: "1.0.0"
generated_at: "2025-01-01T00:00:00Z"

dependencies:
  agents:
    - ref: "agents/devops-engineer"
      files:
        - "agents/devops-engineer.role.md"
        - "agents/devops-engineer.config.yaml"
      checksum:
        role: "tuv345"
        config: "wxy678"

  prompts:
    - ref: "prompts/health-monitoring/v1.md"
      checksum: "zcd012"

  skills:
    - ref: "skills/monitoring-rule-builder.yaml"
      checksum: "efg345"
    - ref: "skills/schema-validator.yaml"
      checksum: "jkl012"
    - ref: "skills/report-merger.yaml"
      checksum: "pqr678"
    - ref: "skills/notification.yaml"
      checksum: "stu901"
    - ref: "skills/trace-archiver.yaml"
      checksum: "vwx234"

  instructions:
    - ref: "instructions/system/monitoring-system.md"
      checksum: "yza567"
    - ref: "instructions/safety/data-privacy.md"
      checksum: "cde890"
    - ref: "instructions/safety/no-secrets-leak.md"
      checksum: "fgh123"

  evaluations:
    - ref: "evaluations/monitoring-checkpoint.yaml"
      checksum: "ijk456"

schemas:
  input: "schemas/health-monitoring-input.json"
  output: "schemas/health-monitoring-output.json"
